// !$*UTF8*$!
{
	archiveVersion = 1;
	classes = {
	};
	objectVersion = 55;
	objects = {

/* Begin PBXBuildFile section */
		11A2695329CA9C3A00560D2E /* AppDelegate.swift in Sources */ = {isa = PBXBuildFile; fileRef = 11A2695229CA9C3A00560D2E /* AppDelegate.swift */; };
		11A2695529CA9C3A00560D2E /* SceneDelegate.swift in Sources */ = {isa = PBXBuildFile; fileRef = 11A2695429CA9C3A00560D2E /* SceneDelegate.swift */; };
		11A2695729CA9C3A00560D2E /* ViewController.swift in Sources */ = {isa = PBXBuildFile; fileRef = 11A2695629CA9C3A00560D2E /* ViewController.swift */; };
		11A2695A29CA9C3A00560D2E /* Main.storyboard in Resources */ = {isa = PBXBuildFile; fileRef = 11A2695829CA9C3A00560D2E /* Main.storyboard */; };
		11A2695C29CA9C3F00560D2E /* Assets.xcassets in Resources */ = {isa = PBXBuildFile; fileRef = 11A2695B29CA9C3F00560D2E /* Assets.xcassets */; };
		11A2695F29CA9C3F00560D2E /* LaunchScreen.storyboard in Resources */ = {isa = PBXBuildFile; fileRef = 11A2695D29CA9C3F00560D2E /* LaunchScreen.storyboard */; };
		5D3240B7541074B4D7AA6C99 /* Pods_LearnSnapKit.framework in Frameworks */ = {isa = PBXBuildFile; fileRef = 2F0DC9F42A10B4F9E79BBF4D /* Pods_LearnSnapKit.framework */; };
/* End PBXBuildFile section */

/* Begin PBXFileReference section */
		11A2694F29CA9C3A00560D2E /* LearnSnapKit.app */ = {isa = PBXFileReference; explicitFileType = wrapper.application; includeInIndex = 0; path = LearnSnapKit.app; sourceTree = BUILT_PRODUCTS_DIR; };
		11A2695229CA9C3A00560D2E /* AppDelegate.swift */ = {isa = PBXFileReference; lastKnownFileType = sourcecode.swift; path = AppDelegate.swift; sourceTree = "<group>"; };
		11A2695429CA9C3A00560D2E /* SceneDelegate.swift */ = {isa = PBXFileReference; lastKnownFileType = sourcecode.swift; path = SceneDelegate.swift; sourceTree = "<group>"; };
		11A2695629CA9C3A00560D2E /* ViewController.swift */ = {isa = PBXFileReference; lastKnownFileType = sourcecode.swift; path = ViewController.swift; sourceTree = "<group>"; };
		11A2695929CA9C3A00560D2E /* Base */ = {isa = PBXFileReference; lastKnownFileType = file.storyboard; name = Base; path = Base.lproj/Main.storyboard; sourceTree = "<group>"; };
		11A2695B29CA9C3F00560D2E /* Assets.xcassets */ = {isa = PBXFileReference; lastKnownFileType = folder.assetcatalog; path = Assets.xcassets; sourceTree = "<group>"; };
		11A2695E29CA9C3F00560D2E /* Base */ = {isa = PBXFileReference; lastKnownFileType = file.storyboard; name = Base; path = Base.lproj/LaunchScreen.storyboard; sourceTree = "<group>"; };
		11A2696029CA9C3F00560D2E /* Info.plist */ = {isa = PBXFileReference; lastKnownFileType = text.plist.xml; path = Info.plist; sourceTree = "<group>"; };
		2F0DC9F42A10B4F9E79BBF4D /* Pods_LearnSnapKit.framework */ = {isa = PBXFileReference; explicitFileType = wrapper.framework; includeInIndex = 0; path = Pods_LearnSnapKit.framework; sourceTree = BUILT_PRODUCTS_DIR; };
		5112A3805321B95BDEE8A4AA /* Pods-LearnSnapKit.debug.xcconfig */ = {isa = PBXFileReference; includeInIndex = 1; lastKnownFileType = text.xcconfig; name = "Pods-LearnSnapKit.debug.xcconfig"; path = "Target Support Files/Pods-LearnSnapKit/Pods-LearnSnapKit.debug.xcconfig"; sourceTree = "<group>"; };
		59D316071C21F9EB58E6C0DA /* Pods-LearnSnapKit.release.xcconfig */ = {isa = PBXFileReference; includeInIndex = 1; lastKnownFileType = text.xcconfig; name = "Pods-LearnSnapKit.release.xcconfig"; path = "Target Support Files/Pods-LearnSnapKit/Pods-LearnSnapKit.release.xcconfig"; sourceTree = "<group>"; };
/* End PBXFileReference section */

/* Begin PBXFrameworksBuildPhase section */
		11A2694C29CA9C3A00560D2E /* Frameworks */ = {
			isa = PBXFrameworksBuildPhase;
			buildActionMask = 2147483647;
			files = (
				5D3240B7541074B4D7AA6C99 /* Pods_LearnSnapKit.framework in Frameworks */,
			);
			runOnlyForDeploymentPostprocessing = 0;
		};
/* End PBXFrameworksBuildPhase section */

/* Begin PBXGroup section */
		11A2694629CA9C3A00560D2E = {
			isa = PBXGroup;
			children = (
				11A2695129CA9C3A00560D2E /* LearnSnapKit */,
				11A2695029CA9C3A00560D2E /* Products */,
				1C986E6119FB1A8D177514D6 /* Pods */,
				11BBFDE869604359E2BE7CB2 /* Frameworks */,
			);
			sourceTree = "<group>";
		};
		11A2695029CA9C3A00560D2E /* Products */ = {
			isa = PBXGroup;
			children = (
				11A2694F29CA9C3A00560D2E /* LearnSnapKit.app */,
			);
			name = Products;
			sourceTree = "<group>";
		};
		11A2695129CA9C3A00560D2E /* LearnSnapKit */ = {
			isa = PBXGroup;
			children = (
				11A2695229CA9C3A00560D2E /* AppDelegate.swift */,
				11A2695429CA9C3A00560D2E /* SceneDelegate.swift */,
				11A2695629CA9C3A00560D2E /* ViewController.swift */,
				11A2695829CA9C3A00560D2E /* Main.storyboard */,
				11A2695B29CA9C3F00560D2E /* Assets.xcassets */,
				11A2695D29CA9C3F00560D2E /* LaunchScreen.storyboard */,
				11A2696029CA9C3F00560D2E /* Info.plist */,
			);
			path = LearnSnapKit;
			sourceTree = "<group>";
		};
		11BBFDE869604359E2BE7CB2 /* Frameworks */ = {
			isa = PBXGroup;
			children = (
				2F0DC9F42A10B4F9E79BBF4D /* Pods_LearnSnapKit.framework */,
			);
			name = Frameworks;
			sourceTree = "<group>";
		};
		1C986E6119FB1A8D177514D6 /* Pods */ = {
			isa = PBXGroup;
			children = (
				5112A3805321B95BDEE8A4AA /* Pods-LearnSnapKit.debug.xcconfig */,
				59D316071C21F9EB58E6C0DA /* Pods-LearnSnapKit.release.xcconfig */,
			);
			name = Pods;
			path = Pods;
			sourceTree = "<group>";
		};
/* End PBXGroup section */

/* Begin PBXNativeTarget section */
		11A2694E29CA9C3A00560D2E /* LearnSnapKit */ = {
			isa = PBXNativeTarget;
			buildConfigurationList = 11A2696329CA9C3F00560D2E /* Build configuration list for PBXNativeTarget "LearnSnapKit" */;
			buildPhases = (
				2B3959B652F4AF02D9FDA6E5 /* [CP] Check Pods Manifest.lock */,
				11A2694B29CA9C3A00560D2E /* Sources */,
				11A2694C29CA9C3A00560D2E /* Frameworks */,
				11A2694D29CA9C3A00560D2E /* Resources */,
				BDE40293B651AF60247F5125 /* [CP] Embed Pods Frameworks */,
			);
			buildRules = (
			);
			dependencies = (
			);
			name = LearnSnapKit;
			productName = LearnSnapKit;
			productReference = 11A2694F29CA9C3A00560D2E /* LearnSnapKit.app */;
			productType = "com.apple.product-type.application";
		};
/* End PBXNativeTarget section */

/* Begin PBXProject section */
		11A2694729CA9C3A00560D2E /* Project object */ = {
			isa = PBXProject;
			attributes = {
				BuildIndependentTargetsInParallel = 1;
				LastSwiftUpdateCheck = 1420;
				LastUpgradeCheck = 1420;
				TargetAttributes = {
					11A2694E29CA9C3A00560D2E = {
						CreatedOnToolsVersion = 14.2;
					};
				};
			};
			buildConfigurationList = 11A2694A29CA9C3A00560D2E /* Build configuration list for PBXProject "LearnSnapKit" */;
			compatibilityVersion = "Xcode 13.0";
			developmentRegion = en;
			hasScannedForEncodings = 0;
			knownRegions = (
				en,
				Base,
			);
			mainGroup = 11A2694629CA9C3A00560D2E;
			productRefGroup = 11A2695029CA9C3A00560D2E /* Products */;
			projectDirPath = "";
			projectRoot = "";
			targets = (
				11A2694E29CA9C3A00560D2E /* LearnSnapKit */,
			);
		};
/* End PBXProject section */

/* Begin PBXResourcesBuildPhase section */
		11A2694D29CA9C3A00560D2E /* Resources */ = {
			isa = PBXResourcesBuildPhase;
			buildActionMask = 2147483647;
			files = (
				11A2695F29CA9C3F00560D2E /* LaunchScreen.storyboard in Resources */,
				11A2695C29CA9C3F00560D2E /* Assets.xcassets in Resources */,
				11A2695A29CA9C3A00560D2E /* Main.storyboard in Resources */,
			);
			runOnlyForDeploymentPostprocessing = 0;
		};
/* End PBXResourcesBuildPhase section */

/* Begin PBXShellScriptBuildPhase section */
		2B3959B652F4AF02D9FDA6E5 /* [CP] Check Pods Manifest.lock */ = {
			isa = PBXShellScriptBuildPhase;
			buildActionMask = 2147483647;
			files = (
			);
			inputFileListPaths = (
			);
			inputPaths = (
				"${PODS_PODFILE_DIR_PATH}/Podfile.lock",
				"${PODS_ROOT}/Manifest.lock",
			);
			name = "[CP] Check Pods Manifest.lock";
			outputFileListPaths = (
			);
			outputPaths = (
				"$(DERIVED_FILE_DIR)/Pods-LearnSnapKit-checkManifestLockResult.txt",
			);
			runOnlyForDeploymentPostprocessing = 0;
			shellPath = /bin/sh;
			shellScript = "diff \"${PODS_PODFILE_DIR_PATH}/Podfile.lock\" \"${PODS_ROOT}/Manifest.lock\" > /dev/null\nif [ $? != 0 ] ; then\n    # print error to STDERR\n    echo \"error: The sandbox is not in sync with the Podfile.lock. Run 'pod install' or update your CocoaPods installation.\" >&2\n    exit 1\nfi\n# This output is used by Xcode 'outputs' to avoid re-running this script phase.\necho \"SUCCESS\" > \"${SCRIPT_OUTPUT_FILE_0}\"\n";
			showEnvVarsInLog = 0;
		};
		BDE40293B651AF60247F5125 /* [CP] Embed Pods Frameworks */ = {
			isa = PBXShellScriptBuildPhase;
			buildActionMask = 2147483647;
			files = (
			);
			inputFileListPaths = (
				"${PODS_ROOT}/Target Support Files/Pods-LearnSnapKit/Pods-LearnSnapKit-frameworks-${CONFIGURATION}-input-files.xcfilelist",
			);
			name = "[CP] Embed Pods Frameworks";
			outputFileListPaths = (
				"${PODS_ROOT}/Target Support Files/Pods-LearnSnapKit/Pods-LearnSnapKit-frameworks-${CONFIGURATION}-output-files.xcfilelist",
			);
			runOnlyForDeploymentPostprocessing = 0;
			shellPath = /bin/sh;
			shellScript = "\"${PODS_ROOT}/Target Support Files/Pods-LearnSnapKit/Pods-LearnSnapKit-frameworks.sh\"\n";
			showEnvVarsInLog = 0;
		};
/* End PBXShellScriptBuildPhase section */

/* Begin PBXSourcesBuildPhase section */
		11A2694B29CA9C3A00560D2E /* Sources */ = {
			isa = PBXSourcesBuildPhase;
			buildActionMask = 2147483647;
			files = (
				11A2695729CA9C3A00560D2E /* ViewController.swift in Sources */,
				11A2695329CA9C3A00560D2E /* AppDelegate.swift in Sources */,
				11A2695529CA9C3A00560D2E /* SceneDelegate.swift in Sources */,
			);
			runOnlyForDeploymentPostprocessing = 0;
		};
/* End PBXSourcesBuildPhase section */

/* Begin PBXVariantGroup section */
		11A2695829CA9C3A00560D2E /* Main.storyboard */ = {
			isa = PBXVariantGroup;
			children = (
				11A2695929CA9C3A00560D2E /* Base */,
			);
			name = Main.storyboard;
			sourceTree = "<group>";
		};
		11A2695D29CA9C3F00560D2E /* LaunchScreen.storyboard */ = {
			isa = PBXVariantGroup;
			children = (
				11A2695E29CA9C3F00560D2E /* Base */,
			);
			name = LaunchScreen.storyboard;
			sourceTree = "<group>";
		};
/* End PBXVariantGroup section */

/* Begin XCBuildConfiguration section */
		11A2696129CA9C3F00560D2E /* Debug */ = {
			isa = XCBuildConfiguration;
			buildSettings = {
				ALWAYS_SEARCH_USER_PATHS = NO;
				CLANG_ANALYZER_NONNULL = YES;
				CLANG_ANALYZER_NUMBER_OBJECT_CONVERSION = YES_AGGRESSIVE;
				CLANG_CXX_LANGUAGE_STANDARD = "gnu++20";
				CLANG_ENABLE_MODULES = YES;
				CLANG_ENABLE_OBJC_ARC = YES;
				CLANG_ENABLE_OBJC_WEAK = YES;
				CLANG_WARN_BLOCK_CAPTURE_AUTORELEASING = YES;
				CLANG_WARN_BOOL_CONVERSION = YES;
				CLANG_WARN_COMMA = YES;
				CLANG_WARN_CONSTANT_CONVERSION = YES;
				CLANG_WARN_DEPRECATED_OBJC_IMPLEMENTATIONS = YES;
				CLANG_WARN_DIRECT_OBJC_ISA_USAGE = YES_ERROR;
				CLANG_WARN_DOCUMENTATION_COMMENTS = YES;
				CLANG_WARN_EMPTY_BODY = YES;
				CLANG_WARN_ENUM_CONVERSION = YES;
				CLANG_WARN_INFINITE_RECURSION = YES;
				CLANG_WARN_INT_CONVERSION = YES;
				CLANG_WARN_NON_LITERAL_NULL_CONVERSION = YES;
				CLANG_WARN_OBJC_IMPLICIT_RETAIN_SELF = YES;
				CLANG_WARN_OBJC_LITERAL_CONVERSION = YES;
				CLANG_WARN_OBJC_ROOT_CLASS = YES_ERROR;
				CLANG_WARN_QUOTED_INCLUDE_IN_FRAMEWORK_HEADER = YES;
				CLANG_WARN_RANGE_LOOP_ANALYSIS = YES;
				CLANG_WARN_STRICT_PROTOTYPES = YES;
				CLANG_WARN_SUSPICIOUS_MOVE = YES;
				CLANG_WARN_UNGUARDED_AVAILABILITY = YES_AGGRESSIVE;
				CLANG_WARN_UNREACHABLE_CODE = YES;
				CLANG_WARN__DUPLICATE_METHOD_MATCH = YES;
				COPY_PHASE_STRIP = NO;
				DEBUG_INFORMATION_FORMAT = dwarf;
				ENABLE_STRICT_OBJC_MSGSEND = YES;
				ENABLE_TESTABILITY = YES;
				GCC_C_LANGUAGE_STANDARD = gnu11;
				GCC_DYNAMIC_NO_PIC = NO;
				GCC_NO_COMMON_BLOCKS = YES;
				GCC_OPTIMIZATION_LEVEL = 0;
				GCC_PREPROCESSOR_DEFINITIONS = (
					"DEBUG=1",
					"$(inherited)",
				);
				GCC_WARN_64_TO_32_BIT_CONVERSION = YES;
				GCC_WARN_ABOUT_RETURN_TYPE = YES_ERROR;
				GCC_WARN_UNDECLARED_SELECTOR = YES;
				GCC_WARN_UNINITIALIZED_AUTOS = YES_AGGRESSIVE;
				GCC_WARN_UNUSED_FUNCTION = YES;
				GCC_WARN_UNUSED_VARIABLE = YES;
				IPHONEOS_DEPLOYMENT_TARGET = 16.2;
				MTL_ENABLE_DEBUG_INFO = INCLUDE_SOURCE;
				MTL_FAST_MATH = YES;
				ONLY_ACTIVE_ARCH = YES;
				SDKROOT = iphoneos;
				SWIFT_ACTIVE_COMPILATION_CONDITIONS = DEBUG;
				SWIFT_OPTIMIZATION_LEVEL = "-Onone";
			};
			name = Debug;
		};
		11A2696229CA9C3F00560D2E /* Release */ = {
			isa = XCBuildConfiguration;
			buildSettings = {
				ALWAYS_SEARCH_USER_PATHS = NO;
				CLANG_ANALYZER_NONNULL = YES;
				CLANG_ANALYZER_NUMBER_OBJECT_CONVERSION = YES_AGGRESSIVE;
				CLANG_CXX_LANGUAGE_STANDARD = "gnu++20";
				CLANG_ENABLE_MODULES = YES;
				CLANG_ENABLE_OBJC_ARC = YES;
				CLANG_ENABLE_OBJC_WEAK = YES;
				CLANG_WARN_BLOCK_CAPTURE_AUTORELEASING = YES;
				CLANG_WARN_BOOL_CONVERSION = YES;
				CLANG_WARN_COMMA = YES;
				CLANG_WARN_CONSTANT_CONVERSION = YES;
				CLANG_WARN_DEPRECATED_OBJC_IMPLEMENTATIONS = YES;
				CLANG_WARN_DIRECT_OBJC_ISA_USAGE = YES_ERROR;
				CLANG_WARN_DOCUMENTATION_COMMENTS = YES;
				CLANG_WARN_EMPTY_BODY = YES;
				CLANG_WARN_ENUM_CONVERSION = YES;
				CLANG_WARN_INFINITE_RECURSION = YES;
				CLANG_WARN_INT_CONVERSION = YES;
				CLANG_WARN_NON_LITERAL_NULL_CONVERSION = YES;
				CLANG_WARN_OBJC_IMPLICIT_RETAIN_SELF = YES;
				CLANG_WARN_OBJC_LITERAL_CONVERSION = YES;
				CLANG_WARN_OBJC_ROOT_CLASS = YES_ERROR;
				CLANG_WARN_QUOTED_INCLUDE_IN_FRAMEWORK_HEADER = YES;
				CLANG_WARN_RANGE_LOOP_ANALYSIS = YES;
				CLANG_WARN_STRICT_PROTOTYPES = YES;
				CLANG_WARN_SUSPICIOUS_MOVE = YES;
				CLANG_WARN_UNGUARDED_AVAILABILITY = YES_AGGRESSIVE;
				CLANG_WARN_UNREACHABLE_CODE = YES;
				CLANG_WARN__DUPLICATE_METHOD_MATCH = YES;
				COPY_PHASE_STRIP = NO;
				DEBUG_INFORMATION_FORMAT = "dwarf-with-dsym";
				ENABLE_NS_ASSERTIONS = NO;
				ENABLE_STRICT_OBJC_MSGSEND = YES;
				GCC_C_LANGUAGE_STANDARD = gnu11;
				GCC_NO_COMMON_BLOCKS = YES;
				GCC_WARN_64_TO_32_BIT_CONVERSION = YES;
				GCC_WARN_ABOUT_RETURN_TYPE = YES_ERROR;
				GCC_WARN_UNDECLARED_SELECTOR = YES;
				GCC_WARN_UNINITIALIZED_AUTOS = YES_AGGRESSIVE;
				GCC_WARN_UNUSED_FUNCTION = YES;
				GCC_WARN_UNUSED_VARIABLE = YES;
				IPHONEOS_DEPLOYMENT_TARGET = 16.2;
				MTL_ENABLE_DEBUG_INFO = NO;
				MTL_FAST_MATH = YES;
				SDKROOT = iphoneos;
				SWIFT_COMPILATION_MODE = wholemodule;
				SWIFT_OPTIMIZATION_LEVEL = "-O";
				VALIDATE_PRODUCT = YES;
			};
			name = Release;
		};
		11A2696429CA9C3F00560D2E /* Debug */ = {
			isa = XCBuildConfiguration;
			baseConfigurationReference = 5112A3805321B95BDEE8A4AA /* Pods-LearnSnapKit.debug.xcconfig */;
			buildSettings = {
				ASSETCATALOG_COMPILER_APPICON_NAME = AppIcon;
				ASSETCATALOG_COMPILER_GLOBAL_ACCENT_COLOR_NAME = AccentColor;
				CODE_SIGN_STYLE = Automatic;
				CURRENT_PROJECT_VERSION = 1;
				GENERATE_INFOPLIST_FILE = YES;
				INFOPLIST_FILE = LearnSnapKit/Info.plist;
				INFOPLIST_KEY_UIApplicationSupportsIndirectInputEvents = YES;
				INFOPLIST_KEY_UILaunchStoryboardName = LaunchScreen;
				INFOPLIST_KEY_UIMainStoryboardFile = Main;
				INFOPLIST_KEY_UISupportedInterfaceOrientations_iPad = "UIInterfaceOrientationPortrait UIInterfaceOrientationPortraitUpsideDown UIInterfaceOrientationLandscapeLeft UIInterfaceOrientationLandscapeRight";
				INFOPLIST_KEY_UISupportedInterfaceOrientations_iPhone = "UIInterfaceOrientationPortrait UIInterfaceOrientationLandscapeLeft UIInterfaceOrientationLandscapeRight";
				IPHONEOS_DEPLOYMENT_TARGET = 13.0;
				LD_RUNPATH_SEARCH_PATHS = (
					"$(inherited)",
					"@executable_path/Frameworks",
				);
				MARKETING_VERSION = 1.0;
				PRODUCT_BUNDLE_IDENTIFIER = com.jervygu.LearnSnapKit;
				PRODUCT_NAME = "$(TARGET_NAME)";
				SWIFT_EMIT_LOC_STRINGS = YES;
				SWIFT_VERSION = 5.0;
				TARGETED_DEVICE_FAMILY = "1,2";
			};
			name = Debug;
		};
		11A2696529CA9C3F00560D2E /* Release */ = {
			isa = XCBuildConfiguration;
			baseConfigurationReference = 59D316071C21F9EB58E6C0DA /* Pods-LearnSnapKit.release.xcconfig */;
			buildSettings = {
				ASSETCATALOG_COMPILER_APPICON_NAME = AppIcon;
				ASSETCATALOG_COMPILER_GLOBAL_ACCENT_COLOR_NAME = AccentColor;
				CODE_SIGN_STYLE = Automatic;
				CURRENT_PROJECT_VERSION = 1;
				GENERATE_INFOPLIST_FILE = YES;
				INFOPLIST_FILE = LearnSnapKit/Info.plist;
				INFOPLIST_KEY_UIApplicationSupportsIndirectInputEvents = YES;
				INFOPLIST_KEY_UILaunchStoryboardName = LaunchScreen;
				INFOPLIST_KEY_UIMainStoryboardFile = Main;
				INFOPLIST_KEY_UISupportedInterfaceOrientations_iPad = "UIInterfaceOrientationPortrait UIInterfaceOrientationPortraitUpsideDown UIInterfaceOrientationLandscapeLeft UIInterfaceOrientationLandscapeRight";
				INFOPLIST_KEY_UISupportedInterfaceOrientations_iPhone = "UIInterfaceOrientationPortrait UIInterfaceOrientationLandscapeLeft UIInterfaceOrientationLandscapeRight";
				IPHONEOS_DEPLOYMENT_TARGET = 13.0;
				LD_RUNPATH_SEARCH_PATHS = (
					"$(inherited)",
					"@executable_path/Frameworks",
				);
				MARKETING_VERSION = 1.0;
				PRODUCT_BUNDLE_IDENTIFIER = com.jervygu.LearnSnapKit;
				PRODUCT_NAME = "$(TARGET_NAME)";
				SWIFT_EMIT_LOC_STRINGS = YES;
				SWIFT_VERSION = 5.0;
				TARGETED_DEVICE_FAMILY = "1,2";
			};
			name = Release;
		};
/* End XCBuildConfiguration section */

/* Begin XCConfigurationList section */
		11A2694A29CA9C3A00560D2E /* Build configuration list for PBXProject "LearnSnapKit" */ = {
			isa = XCConfigurationList;
			buildConfigurations = (
				11A2696129CA9C3F00560D2E /* Debug */,
				11A2696229CA9C3F00560D2E /* Release */,
			);
			defaultConfigurationIsVisible = 0;
			defaultConfigurationName = Release;
		};
		11A2696329CA9C3F00560D2E /* Build configuration list for PBXNativeTarget "LearnSnapKit" */ = {
			isa = XCConfigurationList;
			buildConfigurations = (
				11A2696429CA9C3F00560D2E /* Debug */,
				11A2696529CA9C3F00560D2E /* Release */,
			);
			defaultConfigurationIsVisible = 0;
			defaultConfigurationName = Release;
		};
/* End XCConfigurationList section */
	};
	rootObject = 11A2694729CA9C3A00560D2E /* Project object */;
}
